PODS:
  - Alamofire (4.6.0)
  - AlamofireObjectMapper (5.0.0):
    - Alamofire (~> 4.1)
    - ObjectMapper (~> 3.0)
  - Bugly (2.5.0)
  - EFQRCode (1.2.7)
  - ESTabBarController-swift (2.5)
  - GTMBase64 (1.0.0)
  - IQKeyboardManagerSwift (5.0.6)
  - JCore (1.1.6)
  - JPush (3.0.7):
    - JCore (~> 1.1.6)
  - KVOController (1.2.0)
  - MJRefresh (3.1.15.1)
  - ObjectMapper (3.1.0)
  - OCRSDK (0.1.7):
    - OCRSDK/CoreSDK (= 0.1.7)
    - OCRSDK/OCRTool (= 0.1.7)
    - OCRSDK/UI (= 0.1.7)
  - OCRSDK/CoreSDK (0.1.7)
  - OCRSDK/OCRTool (0.1.7):
    - OCRSDK/UI
  - OCRSDK/UI (0.1.7):
    - OCRSDK/CoreSDK
  - OpenSSL-Universal (1.0.2.11)
  - PGDatePicker (1.5.9):
    - PGPickerView
  - PGPickerView (1.2.1)
  - SDWebImage (4.2.2):
    - SDWebImage/Core (= 4.2.2)
  - SDWebImage/Core (4.2.2)
  - SnapKit (4.0.0)
  - SwiftTheme (0.4.1)
  - Toast-Swift (3.0.1)
  - UMengAnalytics-NO-IDFA (4.2.5)

DEPENDENCIES:
  - Alamofire (~> 4.5)
  - AlamofireObjectMapper (~> 5.0)
  - Bugly
  - EFQRCode (~> 1.2.7)
  - ESTabBarController-swift (~> 2.5)
  - GTMBase64 (~> 1.0.0)
  - IQKeyboardManagerSwift (~> 5.0.6)
  - JPush (~> 3.0.7)
  - KVOController
  - MJRefresh
  - OCRSDK
  - OpenSSL-Universal (~> 1.0.2.11)
  - PGDatePicker (>= 1.5.4)
  - SDWebImage
  - SnapKit (~> 4.0.0)
  - SwiftTheme (~> 0.4.1)
  - Toast-Swift (~> 3.0.1)
  - UMengAnalytics-NO-IDFA (~> 4.2.5)

SPEC CHECKSUMS:
  Alamofire: f41a599bd63041760b26d393ec1069d9d7b917f4
  AlamofireObjectMapper: 5fafc816351cbbc0d486611aaeba7461c0cbad49
  Bugly: 00c8701f2bebab4887771ba43afbf51334009742
  EFQRCode: f283d7ce75a7780756a5e2a9c39077292d6e7596
  ESTabBarController-swift: 8daa432f2a9be8ebd25101dc46c84472fd760512
  GTMBase64: 0da7372e95f5171f3f652db38cde6716f8eb5e24
  IQKeyboardManagerSwift: 02bfbb0dff71c66d0ab77d80d25dfce0c3717735
  JCore: 18fc8725124f26e55625eaf224659b3a999dcf63
  JPush: 111b79b8a0169ab8fd4c486dac3ed166ed69293e
  KVOController: d72ace34afea42468329623b3379ab3cd1d286b6
  MJRefresh: 5f8552bc25ca8751c010f621c1098dbdaacbccd6
  ObjectMapper: 20505058f54e5c3ca69e1d6de9897d152a5369a6
  OCRSDK: 633a176d5ddb920b99c9e3a5fe0f071f07f39277
  OpenSSL-Universal: bcea8d73aec478029029164f9f0695b57cb94309
  PGDatePicker: 00505c5180a92adf1e0465805b0cb49baf42a367
  PGPickerView: cb49c6b3e2a39148bef9f666fa58bb349e0c3b85
  SDWebImage: 89a9d32cd520bbb46eb14e541d5109b3564af198
  SnapKit: a42d492c16e80209130a3379f73596c3454b7694
  SwiftTheme: 36d71c4eed4b2c401c782cf036e4586c749a8173
  Toast-Swift: ba0b01b095aada709d915f9beb1d38184a2721c3
  UMengAnalytics-NO-IDFA: 16666e32edce5be44ae5b14aaaa7f3582e09d6ab

PODFILE CHECKSUM: eef002ad1406f9510d40987509db5fc3b8adafb9

COCOAPODS: 1.3.1
